
Microsoft Visual Studio Solution File, Format Version 12.00
# Visual Studio Version 17
VisualStudioVersion = 17.4.33213.308
MinimumVisualStudioVersion = 10.0.40219.1
Project("{FAE04EC0-301F-11D3-BF4B-00C04F79EFBC}") = "Linq_All_Methods", "Linq_All_Methods\Linq_All_Methods.csproj", "{DB246807-D67B-420E-8EEC-94E657689C21}"
EndProject
Global
	GlobalSection(SolutionConfigurationPlatforms) = preSolution
		Debug|Any CPU = Debug|Any CPU
		Release|Any CPU = Release|Any CPU
	EndGlobalSection
	GlobalSection(ProjectConfigurationPlatforms) = postSolution
		{DB246807-D67B-420E-8EEC-94E657689C21}.Debug|Any CPU.ActiveCfg = Debug|Any CPU
		{DB246807-D67B-420E-8EEC-94E657689C21}.Debug|Any CPU.Build.0 = Debug|Any CPU
		{DB246807-D67B-420E-8EEC-94E657689C21}.Release|Any CPU.ActiveCfg = Release|Any CPU
		{DB246807-D67B-420E-8EEC-94E657689C21}.Release|Any CPU.Build.0 = Release|Any CPU
	EndGlobalSection
	GlobalSection(SolutionProperties) = preSolution
		HideSolutionNode = FALSE
	EndGlobalSection
	GlobalSection(ExtensibilityGlobals) = postSolution
		SolutionGuid = {D263BC46-EB2F-43E0-B7B3-ABE87DE0314E}
	EndGlobalSection
EndGlobal
